
Microsoft Visual Studio Solution File, Format Version 12.00
# Visual Studio 2013
VisualStudioVersion = 12.0.31101.0
MinimumVisualStudioVersion = 10.0.40219.1
Project("{FAE04EC0-301F-11D3-BF4B-00C04F79EFBC}") = "汉字听写大会专用系统", "汉字听写大会专用系统\汉字听写大会专用系统.csproj", "{2B9C0831-92FA-4B77-860A-C2DB01E069E4}"
EndProject
Project("{FAE04EC0-301F-11D3-BF4B-00C04F79EFBC}") = "模仿客户端发送坐标", "模仿客户端发送坐标\模仿客户端发送坐标.csproj", "{47F75B11-25F9-4798-8937-E60D74A7819E}"
EndProject
Global
	GlobalSection(SolutionConfigurationPlatforms) = preSolution
		Debug|Any CPU = Debug|Any CPU
		Release|Any CPU = Release|Any CPU
	EndGlobalSection
	GlobalSection(ProjectConfigurationPlatforms) = postSolution
		{2B9C0831-92FA-4B77-860A-C2DB01E069E4}.Debug|Any CPU.ActiveCfg = Debug|Any CPU
		{2B9C0831-92FA-4B77-860A-C2DB01E069E4}.Debug|Any CPU.Build.0 = Debug|Any CPU
		{2B9C0831-92FA-4B77-860A-C2DB01E069E4}.Release|Any CPU.ActiveCfg = Release|Any CPU
		{2B9C0831-92FA-4B77-860A-C2DB01E069E4}.Release|Any CPU.Build.0 = Release|Any CPU
		{47F75B11-25F9-4798-8937-E60D74A7819E}.Debug|Any CPU.ActiveCfg = Debug|Any CPU
		{47F75B11-25F9-4798-8937-E60D74A7819E}.Debug|Any CPU.Build.0 = Debug|Any CPU
		{47F75B11-25F9-4798-8937-E60D74A7819E}.Release|Any CPU.ActiveCfg = Release|Any CPU
		{47F75B11-25F9-4798-8937-E60D74A7819E}.Release|Any CPU.Build.0 = Release|Any CPU
	EndGlobalSection
	GlobalSection(SolutionProperties) = preSolution
		HideSolutionNode = FALSE
	EndGlobalSection
EndGlobal
